
Microsoft Visual Studio Solution File, Format Version 12.00
# Visual Studio Version 17
VisualStudioVersion = 17.7.34221.43
MinimumVisualStudioVersion = 10.0.40219.1
Project("{FAE04EC0-301F-11D3-BF4B-00C04F79EFBC}") = "Homework 1 – Week2", "Homework 1 – Week2\Homework 1 – Week2.csproj", "{F76BDA79-4425-438B-80F9-43B0B63E1586}"
EndProject
Global
	GlobalSection(SolutionConfigurationPlatforms) = preSolution
		Debug|Any CPU = Debug|Any CPU
		Release|Any CPU = Release|Any CPU
	EndGlobalSection
	GlobalSection(ProjectConfigurationPlatforms) = postSolution
		{F76BDA79-4425-438B-80F9-43B0B63E1586}.Debug|Any CPU.ActiveCfg = Debug|Any CPU
		{F76BDA79-4425-438B-80F9-43B0B63E1586}.Debug|Any CPU.Build.0 = Debug|Any CPU
		{F76BDA79-4425-438B-80F9-43B0B63E1586}.Release|Any CPU.ActiveCfg = Release|Any CPU
		{F76BDA79-4425-438B-80F9-43B0B63E1586}.Release|Any CPU.Build.0 = Release|Any CPU
	EndGlobalSection
	GlobalSection(SolutionProperties) = preSolution
		HideSolutionNode = FALSE
	EndGlobalSection
	GlobalSection(ExtensibilityGlobals) = postSolution
		SolutionGuid = {6F2343F9-9E9B-44F3-87E4-DAA10C17E95E}
	EndGlobalSection
EndGlobal
